<?xml version="1.0" encoding="utf-8"?>
<Project xmlns="http://schemas.microsoft.com/developer/msbuild/2003">
  <ItemGroup>
    <Filter Include="Form Files">
      <UniqueIdentifier>{99349809-55BA-4b9d-BF79-8FDBB0286EB3}</UniqueIdentifier>
      <Extensions>ui</Extensions>
      <ParseFiles>false</ParseFiles>
    </Filter>
    <Filter Include="Form Files">
      <UniqueIdentifier>{99349809-55BA-4b9d-BF79-8FDBB0286EB3}</UniqueIdentifier>
      <Extensions>ui</Extensions>
      <ParseFiles>false</ParseFiles>
    </Filter>
    <Filter Include="Generated Files">
      <UniqueIdentifier>{71ED8ED8-ACB9-4CE9-BBE1-E00B30144E11}</UniqueIdentifier>
      <Extensions>cpp;c;cxx;moc;h;def;odl;idl;res;</Extensions>
    </Filter>
    <Filter Include="Generated Files">
      <UniqueIdentifier>{71ED8ED8-ACB9-4CE9-BBE1-E00B30144E11}</UniqueIdentifier>
      <Extensions>cpp;c;cxx;moc;h;def;odl;idl;res;</Extensions>
    </Filter>
    <Filter Include="Header Files">
      <UniqueIdentifier>{93995380-89BD-4b04-88EB-625FBE52EBFB}</UniqueIdentifier>
      <Extensions>h;hpp;hxx;hm;inl;inc;xsd</Extensions>
    </Filter>
    <Filter Include="Header Files">
      <UniqueIdentifier>{93995380-89BD-4b04-88EB-625FBE52EBFB}</UniqueIdentifier>
      <Extensions>h;hpp;hxx;hm;inl;inc;xsd</Extensions>
    </Filter>
    <Filter Include="Resource Files">
      <UniqueIdentifier>{D9D6E242-F8AF-46E4-B9FD-80ECBC20BA3E}</UniqueIdentifier>
      <Extensions>qrc;*</Extensions>
      <ParseFiles>false</ParseFiles>
    </Filter>
    <Filter Include="Resource Files">
      <UniqueIdentifier>{D9D6E242-F8AF-46E4-B9FD-80ECBC20BA3E}</UniqueIdentifier>
      <Extensions>qrc;*</Extensions>
      <ParseFiles>false</ParseFiles>
    </Filter>
    <Filter Include="Source Files">
      <UniqueIdentifier>{4FC737F1-C7A5-4376-A066-2A32D752A2FF}</UniqueIdentifier>
      <Extensions>cpp;c;cxx;def;odl;idl;hpj;bat;asm;asmx</Extensions>
    </Filter>
    <Filter Include="Source Files">
      <UniqueIdentifier>{4FC737F1-C7A5-4376-A066-2A32D752A2FF}</UniqueIdentifier>
      <Extensions>cpp;c;cxx;def;odl;idl;hpj;bat;asm;asmx</Extensions>
    </Filter>
  </ItemGroup>
  <ItemGroup>
    <ClCompile Include="Main.cxx">
      <Filter>Source Files</Filter>
    </ClCompile>
    <ClCompile Include="Sketcher.cxx">
      <Filter>Source Files</Filter>
    </ClCompile>
    <ClCompile Include="occQt.cpp">
      <Filter>Source Files</Filter>
    </ClCompile>
    <ClCompile Include="occView.cpp">
      <Filter>Source Files</Filter>
    </ClCompile>
    <ClCompile Include="Sketcher_AnalyserSnap.cxx">
      <Filter>Generated Files</Filter>
    </ClCompile>
    <ClCompile Include="Sketcher_Command.cxx">
      <Filter>Generated Files</Filter>
    </ClCompile>
    <ClCompile Include="Sketcher_CommandArc3P.cxx">
      <Filter>Generated Files</Filter>
    </ClCompile>
    <ClCompile Include="Sketcher_CommandArcCenter2P.cxx">
      <Filter>Generated Files</Filter>
    </ClCompile>
    <ClCompile Include="Sketcher_CommandBezierCurve.cxx">
      <Filter>Generated Files</Filter>
    </ClCompile>
    <ClCompile Include="Sketcher_CommandCircle2PTan.cxx">
      <Filter>Generated Files</Filter>
    </ClCompile>
    <ClCompile Include="Sketcher_CommandCircle3P.cxx">
      <Filter>Generated Files</Filter>
    </ClCompile>
    <ClCompile Include="Sketcher_CommandCircle3Tan.cxx">
      <Filter>Generated Files</Filter>
    </ClCompile>
    <ClCompile Include="Sketcher_CommandCircleCenterRadius.cxx">
      <Filter>Generated Files</Filter>
    </ClCompile>
    <ClCompile Include="Sketcher_CommandCircleP2Tan.cxx">
      <Filter>Generated Files</Filter>
    </ClCompile>
    <ClCompile Include="Sketcher_CommandLine2P.cxx">
      <Filter>Generated Files</Filter>
    </ClCompile>
    <ClCompile Include="Sketcher_CommandPoint.cxx">
      <Filter>Generated Files</Filter>
    </ClCompile>
    <ClCompile Include="Sketcher_CommandTrim.cxx">
      <Filter>Generated Files</Filter>
    </ClCompile>
    <ClCompile Include="Sketcher_GUI.cxx">
      <Filter>Generated Files</Filter>
    </ClCompile>
    <ClCompile Include="Sketcher_Object.cxx">
      <Filter>Generated Files</Filter>
    </ClCompile>
    <ClCompile Include="Sketcher_Property.cxx">
      <Filter>Generated Files</Filter>
    </ClCompile>
    <ClCompile Include="Sketcher_PropertyArc.cxx">
      <Filter>Generated Files</Filter>
    </ClCompile>
    <ClCompile Include="Sketcher_PropertyCircle.cxx">
      <Filter>Generated Files</Filter>
    </ClCompile>
    <ClCompile Include="Sketcher_PropertyLine.cxx">
      <Filter>Generated Files</Filter>
    </ClCompile>
    <ClCompile Include="Sketcher_PropertyPoint.cxx">
      <Filter>Generated Files</Filter>
    </ClCompile>
    <ClCompile Include="Sketcher_QtGUI.cxx">
      <Filter>Generated Files</Filter>
    </ClCompile>
    <ClCompile Include="Sketcher_Snap.cxx">
      <Filter>Generated Files</Filter>
    </ClCompile>
    <ClCompile Include="Sketcher_SnapCenter.cxx">
      <Filter>Generated Files</Filter>
    </ClCompile>
    <ClCompile Include="Sketcher_SnapEnd.cxx">
      <Filter>Generated Files</Filter>
    </ClCompile>
    <ClCompile Include="Sketcher_SnapIntersection.cxx">
      <Filter>Generated Files</Filter>
    </ClCompile>
    <ClCompile Include="Sketcher_SnapLine.cxx">
      <Filter>Generated Files</Filter>
    </ClCompile>
    <ClCompile Include="Sketcher_SnapLineParallel.cxx">
      <Filter>Generated Files</Filter>
    </ClCompile>
    <ClCompile Include="Sketcher_SnapLinePerpendicular.cxx">
      <Filter>Generated Files</Filter>
    </ClCompile>
    <ClCompile Include="Sketcher_SnapMiddle.cxx">
      <Filter>Generated Files</Filter>
    </ClCompile>
    <ClCompile Include="Sketcher_SnapNearest.cxx">
      <Filter>Generated Files</Filter>
    </ClCompile>
    <ClCompile Include="Sketcher_SnapTangent.cxx">
      <Filter>Generated Files</Filter>
    </ClCompile>
    <ClCompile Include="Geom2d_Edge.cxx">
      <Filter>Generated Files</Filter>
    </ClCompile>
    <ClCompile Include="Geom2d_Arc.cxx">
      <Filter>Generated Files</Filter>
    </ClCompile>
  </ItemGroup>
  <ItemGroup>
    <ClInclude Include="Sketcher.h">
      <Filter>Header Files</Filter>
    </ClInclude>
    <QtMoc Include="occQt.h">
      <Filter>Header Files</Filter>
    </QtMoc>
    <QtMoc Include="occView.h">
      <Filter>Header Files</Filter>
    </QtMoc>
    <ClInclude Include="Sketcher.hxx">
      <Filter>Header Files</Filter>
    </ClInclude>
    <ClInclude Include="Sketcher_AnalyserSnap.hxx">
      <Filter>Header Files</Filter>
    </ClInclude>
    <ClInclude Include="Sketcher_Command.hxx">
      <Filter>Header Files</Filter>
    </ClInclude>
    <ClInclude Include="Sketcher_CommandArc3P.hxx">
      <Filter>Header Files</Filter>
    </ClInclude>
    <ClInclude Include="Sketcher_CommandArcCenter2P.hxx">
      <Filter>Header Files</Filter>
    </ClInclude>
    <ClInclude Include="Sketcher_CommandBezierCurve.hxx">
      <Filter>Header Files</Filter>
    </ClInclude>
    <ClInclude Include="Sketcher_CommandCircle2PTan.hxx">
      <Filter>Header Files</Filter>
    </ClInclude>
    <ClInclude Include="Sketcher_CommandCircle3P.hxx">
      <Filter>Header Files</Filter>
    </ClInclude>
    <ClInclude Include="Sketcher_CommandCircle3Tan.hxx">
      <Filter>Header Files</Filter>
    </ClInclude>
    <ClInclude Include="Sketcher_CommandCircleCenterRadius.hxx">
      <Filter>Header Files</Filter>
    </ClInclude>
    <ClInclude Include="Sketcher_CommandCircleP2Tan.hxx">
      <Filter>Header Files</Filter>
    </ClInclude>
    <ClInclude Include="Sketcher_CommandLine2P.hxx">
      <Filter>Header Files</Filter>
    </ClInclude>
    <ClInclude Include="Sketcher_CommandPoint.hxx">
      <Filter>Header Files</Filter>
    </ClInclude>
    <ClInclude Include="Sketcher_CommandTrim.hxx">
      <Filter>Header Files</Filter>
    </ClInclude>
    <ClInclude Include="Sketcher_GUI.hxx">
      <Filter>Header Files</Filter>
    </ClInclude>
    <ClInclude Include="Sketcher_Object.hxx">
      <Filter>Header Files</Filter>
    </ClInclude>
    <ClInclude Include="Sketcher_ObjectGeometryType.hxx">
      <Filter>Header Files</Filter>
    </ClInclude>
    <ClInclude Include="Sketcher_ObjectType.hxx">
      <Filter>Header Files</Filter>
    </ClInclude>
    <ClInclude Include="Sketcher_ObjectTypeOfMethod.hxx">
      <Filter>Header Files</Filter>
    </ClInclude>
    <ClInclude Include="Sketcher_Property.hxx">
      <Filter>Header Files</Filter>
    </ClInclude>
    <ClInclude Include="Sketcher_PropertyArc.hxx">
      <Filter>Header Files</Filter>
    </ClInclude>
    <ClInclude Include="Sketcher_PropertyCircle.hxx">
      <Filter>Header Files</Filter>
    </ClInclude>
    <ClInclude Include="Sketcher_PropertyLine.hxx">
      <Filter>Header Files</Filter>
    </ClInclude>
    <ClInclude Include="Sketcher_PropertyPoint.hxx">
      <Filter>Header Files</Filter>
    </ClInclude>
    <ClInclude Include="Sketcher_QtGUI.hxx">
      <Filter>Header Files</Filter>
    </ClInclude>
    <ClInclude Include="Sketcher_Snap.hxx">
      <Filter>Header Files</Filter>
    </ClInclude>
    <ClInclude Include="Sketcher_SnapCenter.hxx">
      <Filter>Header Files</Filter>
    </ClInclude>
    <ClInclude Include="Sketcher_SnapEnd.hxx">
      <Filter>Header Files</Filter>
    </ClInclude>
    <ClInclude Include="Sketcher_SnapIntersection.hxx">
      <Filter>Header Files</Filter>
    </ClInclude>
    <ClInclude Include="Sketcher_SnapLine.hxx">
      <Filter>Header Files</Filter>
    </ClInclude>
    <ClInclude Include="Sketcher_SnapLineParallel.hxx">
      <Filter>Header Files</Filter>
    </ClInclude>
    <ClInclude Include="Sketcher_SnapLinePerpendicular.hxx">
      <Filter>Header Files</Filter>
    </ClInclude>
    <ClInclude Include="Sketcher_SnapMiddle.hxx">
      <Filter>Header Files</Filter>
    </ClInclude>
    <ClInclude Include="Sketcher_SnapNearest.hxx">
      <Filter>Header Files</Filter>
    </ClInclude>
    <ClInclude Include="Sketcher_SnapTangent.hxx">
      <Filter>Header Files</Filter>
    </ClInclude>
    <ClInclude Include="Sketcher_SnapType.hxx">
      <Filter>Header Files</Filter>
    </ClInclude>
    <ClInclude Include="Geom2d_Edge.hxx">
      <Filter>Header Files</Filter>
    </ClInclude>
    <ClInclude Include="Geom2d_Arc.hxx">
      <Filter>Header Files</Filter>
    </ClInclude>
  </ItemGroup>
  <ItemGroup>
    <CustomBuild Include="debug\moc_predefs.h.cbt">
      <Filter>Generated Files</Filter>
    </CustomBuild>
    <CustomBuild Include="release\moc_predefs.h.cbt">
      <Filter>Generated Files</Filter>
    </CustomBuild>
  </ItemGroup>
  <ItemGroup>
    <QtUic Include="occQt.ui">
      <Filter>Form Files</Filter>
    </QtUic>
  </ItemGroup>
  <ItemGroup>
    <QtRcc Include="occSketcher.qrc">
      <Filter>Resource Files</Filter>
    </QtRcc>
  </ItemGroup>
</Project>